
Microsoft Visual Studio Solution File, Format Version 12.00
# Visual Studio 15
VisualStudioVersion = 15.0.28010.2050
MinimumVisualStudioVersion = 10.0.40219.1
Project("{9A19103F-16F7-4668-BE54-9A1E7A4F7556}") = "DynJson.Tests", "DynJson.Tests\DynJson.Tests.csproj", "{805A30B6-009D-47E2-844D-DEB0651B92C5}"
EndProject
Project("{9A19103F-16F7-4668-BE54-9A1E7A4F7556}") = "DynJson", "DynJson\DynJson.csproj", "{0D03E292-3BA9-4477-9712-A4008118A1F5}"
EndProject
Global
	GlobalSection(SolutionConfigurationPlatforms) = preSolution
		Debug|Any CPU = Debug|Any CPU
		Release|Any CPU = Release|Any CPU
	EndGlobalSection
	GlobalSection(ProjectConfigurationPlatforms) = postSolution
		{805A30B6-009D-47E2-844D-DEB0651B92C5}.Debug|Any CPU.ActiveCfg = Debug|Any CPU
		{805A30B6-009D-47E2-844D-DEB0651B92C5}.Debug|Any CPU.Build.0 = Debug|Any CPU
		{805A30B6-009D-47E2-844D-DEB0651B92C5}.Release|Any CPU.ActiveCfg = Release|Any CPU
		{805A30B6-009D-47E2-844D-DEB0651B92C5}.Release|Any CPU.Build.0 = Release|Any CPU
		{0D03E292-3BA9-4477-9712-A4008118A1F5}.Debug|Any CPU.ActiveCfg = Debug|Any CPU
		{0D03E292-3BA9-4477-9712-A4008118A1F5}.Debug|Any CPU.Build.0 = Debug|Any CPU
		{0D03E292-3BA9-4477-9712-A4008118A1F5}.Release|Any CPU.ActiveCfg = Release|Any CPU
		{0D03E292-3BA9-4477-9712-A4008118A1F5}.Release|Any CPU.Build.0 = Release|Any CPU
	EndGlobalSection
	GlobalSection(SolutionProperties) = preSolution
		HideSolutionNode = FALSE
	EndGlobalSection
	GlobalSection(ExtensibilityGlobals) = postSolution
		SolutionGuid = {09375902-F603-42D6-808F-30FB45A500AB}
	EndGlobalSection
EndGlobal
